
Microsoft Visual Studio Solution File, Format Version 12.00
# Visual Studio 14
VisualStudioVersion = 14.0.25420.1
MinimumVisualStudioVersion = 10.0.40219.1
Project("{8BC9CEB8-8B4A-11D0-8D11-00A0C91BC942}") = "Test", "Test\Test.vcxproj", "{810C1015-7EEC-469D-A06A-DB8862AB4630}"
EndProject
Project("{8BC9CEB8-8B4A-11D0-8D11-00A0C91BC942}") = "RemoteLib", "RemoteLib\RemoteLib.vcxproj", "{3DC4966D-C5CD-42DA-B0B9-BEA511E0A486}"
EndProject
Project("{2150E333-8FDC-42A3-9474-1A3956D46DE8}") = "Files", "Files", "{9D790AF8-2ACE-49C6-8193-A9BDAB7F21A5}"
	ProjectSection(SolutionItems) = preProject
		Files\Remote_Settings.txt = Files\Remote_Settings.txt
	EndProjectSection
EndProject
Project("{8BC9CEB8-8B4A-11D0-8D11-00A0C91BC942}") = "LocalProc", "LocalProc\LocalProc.vcxproj", "{CA3B1D2C-8C17-413A-AC4A-A6AA8115463E}"
EndProject
Project("{8BC9CEB8-8B4A-11D0-8D11-00A0C91BC942}") = "RemoteProc", "RemoteProc\RemoteProc.vcxproj", "{BC5AB224-7472-483E-AB4F-A7C21BAD60A1}"
EndProject
Global
	GlobalSection(SolutionConfigurationPlatforms) = preSolution
		Debug|x64 = Debug|x64
		Debug|x86 = Debug|x86
		Release|x64 = Release|x64
		Release|x86 = Release|x86
	EndGlobalSection
	GlobalSection(ProjectConfigurationPlatforms) = postSolution
		{810C1015-7EEC-469D-A06A-DB8862AB4630}.Debug|x64.ActiveCfg = Debug|x64
		{810C1015-7EEC-469D-A06A-DB8862AB4630}.Debug|x64.Build.0 = Debug|x64
		{810C1015-7EEC-469D-A06A-DB8862AB4630}.Debug|x86.ActiveCfg = Debug|Win32
		{810C1015-7EEC-469D-A06A-DB8862AB4630}.Debug|x86.Build.0 = Debug|Win32
		{810C1015-7EEC-469D-A06A-DB8862AB4630}.Release|x64.ActiveCfg = Release|x64
		{810C1015-7EEC-469D-A06A-DB8862AB4630}.Release|x64.Build.0 = Release|x64
		{810C1015-7EEC-469D-A06A-DB8862AB4630}.Release|x86.ActiveCfg = Release|Win32
		{810C1015-7EEC-469D-A06A-DB8862AB4630}.Release|x86.Build.0 = Release|Win32
		{3DC4966D-C5CD-42DA-B0B9-BEA511E0A486}.Debug|x64.ActiveCfg = Debug|x64
		{3DC4966D-C5CD-42DA-B0B9-BEA511E0A486}.Debug|x64.Build.0 = Debug|x64
		{3DC4966D-C5CD-42DA-B0B9-BEA511E0A486}.Debug|x86.ActiveCfg = Debug|Win32
		{3DC4966D-C5CD-42DA-B0B9-BEA511E0A486}.Debug|x86.Build.0 = Debug|Win32
		{3DC4966D-C5CD-42DA-B0B9-BEA511E0A486}.Release|x64.ActiveCfg = Release|x64
		{3DC4966D-C5CD-42DA-B0B9-BEA511E0A486}.Release|x64.Build.0 = Release|x64
		{3DC4966D-C5CD-42DA-B0B9-BEA511E0A486}.Release|x86.ActiveCfg = Release|Win32
		{3DC4966D-C5CD-42DA-B0B9-BEA511E0A486}.Release|x86.Build.0 = Release|Win32
		{CA3B1D2C-8C17-413A-AC4A-A6AA8115463E}.Debug|x64.ActiveCfg = Debug|x64
		{CA3B1D2C-8C17-413A-AC4A-A6AA8115463E}.Debug|x64.Build.0 = Debug|x64
		{CA3B1D2C-8C17-413A-AC4A-A6AA8115463E}.Debug|x86.ActiveCfg = Debug|Win32
		{CA3B1D2C-8C17-413A-AC4A-A6AA8115463E}.Debug|x86.Build.0 = Debug|Win32
		{CA3B1D2C-8C17-413A-AC4A-A6AA8115463E}.Release|x64.ActiveCfg = Release|x64
		{CA3B1D2C-8C17-413A-AC4A-A6AA8115463E}.Release|x64.Build.0 = Release|x64
		{CA3B1D2C-8C17-413A-AC4A-A6AA8115463E}.Release|x86.ActiveCfg = Release|Win32
		{CA3B1D2C-8C17-413A-AC4A-A6AA8115463E}.Release|x86.Build.0 = Release|Win32
		{BC5AB224-7472-483E-AB4F-A7C21BAD60A1}.Debug|x64.ActiveCfg = Debug|x64
		{BC5AB224-7472-483E-AB4F-A7C21BAD60A1}.Debug|x64.Build.0 = Debug|x64
		{BC5AB224-7472-483E-AB4F-A7C21BAD60A1}.Debug|x86.ActiveCfg = Debug|Win32
		{BC5AB224-7472-483E-AB4F-A7C21BAD60A1}.Debug|x86.Build.0 = Debug|Win32
		{BC5AB224-7472-483E-AB4F-A7C21BAD60A1}.Release|x64.ActiveCfg = Release|x64
		{BC5AB224-7472-483E-AB4F-A7C21BAD60A1}.Release|x64.Build.0 = Release|x64
		{BC5AB224-7472-483E-AB4F-A7C21BAD60A1}.Release|x86.ActiveCfg = Release|Win32
		{BC5AB224-7472-483E-AB4F-A7C21BAD60A1}.Release|x86.Build.0 = Release|Win32
	EndGlobalSection
	GlobalSection(SolutionProperties) = preSolution
		HideSolutionNode = FALSE
	EndGlobalSection
EndGlobal
